{
  "version": 4,
  "terraform_version": "0.12.28",
  "serial": 16,
  "lineage": "1d5a712b-66fd-a919-82d9-c5f63929c1bb",
  "outputs": {
    "cluster_ca": {
      "value": "-----BEGIN CERTIFICATE-----\nMIIDDDCCAfSgAwIBAgIRANT2UfQ6cYBqWZliUyZmtNwwDQYJKoZIhvcNAQELBQAw\nLzEtMCsGA1UEAxMkYzVhZTc3OGEtYzI4MC00OTc1LTg5YjItOWQ3NTMzNjU0MTc0\nMB4XDTIwMDgwNTA4MTM0MloXDTI1MDgwNDA5MTM0MlowLzEtMCsGA1UEAxMkYzVh\nZTc3OGEtYzI4MC00OTc1LTg5YjItOWQ3NTMzNjU0MTc0MIIBIjANBgkqhkiG9w0B\nAQEFAAOCAQ8AMIIBCgKCAQEAw94omTYHUeXG4VIerHTibP/jWgAqPzCxKiYXXCxz\nG8l2yUWlZ4DMbNxoPmQuOQaQoM/KzI845rq3AZPdnRGHGfF1z5k2a6JC7WL0Z2a/\nKMn+QW3DnKcXkD/cRR0jxSAajEG8A32I0PW9J3CGKEV5hcW3yZ162soVm0zcMvGx\nPUEHHQ7328W2dXgysXArEjAvF4bqU7P0CFoOD6C/7MXqhb6lF1U5NZJRKpx30UEB\nTeKgUtuBjPRqxfsGhqy9pox4id8r9qm5XCRN8BGLnCnkX4kXwGMBQvxbWfPiVRL+\nDaqUohl4A5qJLtlbfT4yXj1bkTnrun8td548NCUHZGiAYQIDAQABoyMwITAOBgNV\nHQ8BAf8EBAMCAgQwDwYDVR0TAQH/BAUwAwEB/zANBgkqhkiG9w0BAQsFAAOCAQEA\nMsK7qdyxP7LdFE49VnHpm0X9SyFt7pXom0OSz8k8+yR+zvdiXoRC8tXkoayecIcG\nW+LqqSp7gWJC3HzTV4MZOvaGzNt+FOb9JiufyupXOcwjqTORnMJK2i1RrhpAtC9+\nb3/L8dPerKIpRCu5bPXoHkuXCO4U84zSmRF3Kc3wCeo7JnNl0h7wtO7ApEUyVXGb\nsOKWhY9CLjsp41eOY00XwB+9+hpB857es7fARCA9aZP0VDgwLyg1iSHTlVdCohjr\nWHi11kSdJn8rexcuimAhoEdOjYJSIJ62eNBqiDqJSJlHmp4dO2U5g56mEA168vkc\nEl1kAGOxpTvxoS6ElZKqHA==\n-----END CERTIFICATE-----\n",
      "type": "string"
    },
    "cluster_key": {
      "value": "",
      "type": "string"
    },
    "cluster_name": {
      "value": "gke_poc-rtc_europe-west1-c_nifi-cluster",
      "type": "string"
    },
    "cluster_server": {
      "value": "https://35.241.245.107",
      "type": "string"
    },
    "cluster_zone": {
      "value": "europe-west1-c",
      "type": "string"
    }
  },
  "resources": [
    {
      "mode": "data",
      "type": "google_client_config",
      "name": "current",
      "provider": "provider.google",
      "instances": [
        {
          "schema_version": 0,
          "attributes": {
            "access_token": "ya29.c.KpgB1gdJkiOOZD773hM675GVGf44B6HadQcFyw7hOZfZhJlYCVcSK5dFG7dayLc3CsGhxdp2hHjCvquyTOhcZnJQxs89MbVgGtLNjei53hAE6nKRZE6YIbHXn_n7l81U6NZAQd59Mu4AovYF9QE79dUQ_2zP7hlNL4mPrqoxu8SU5YtGUuWuHjiM2ZOKdx8hDe-odUj_Kq7l180",
            "id": "2020-08-05 09:13:29.042925 +0000 UTC",
            "project": "poc-rtc",
            "region": "europe-west1",
            "zone": "europe-west1-c"
          }
        }
      ]
    },
    {
      "mode": "data",
      "type": "google_client_config",
      "name": "provider",
      "provider": "provider.google",
      "instances": [
        {
          "schema_version": 0,
          "attributes": {
            "access_token": "ya29.c.KpgB1gdJkiOOZD773hM675GVGf44B6HadQcFyw7hOZfZhJlYCVcSK5dFG7dayLc3CsGhxdp2hHjCvquyTOhcZnJQxs89MbVgGtLNjei53hAE6nKRZE6YIbHXn_n7l81U6NZAQd59Mu4AovYF9QE79dUQ_2zP7hlNL4mPrqoxu8SU5YtGUuWuHjiM2ZOKdx8hDe-odUj_Kq7l180",
            "id": "2020-08-05 09:13:29.042905 +0000 UTC",
            "project": "poc-rtc",
            "region": "europe-west1",
            "zone": "europe-west1-c"
          }
        }
      ]
    },
    {
      "mode": "managed",
      "type": "google_container_cluster",
      "name": "nifi-cluster",
      "provider": "provider.google-beta",
      "instances": [
        {
          "schema_version": 1,
          "attributes": {
            "additional_zones": [],
            "addons_config": [
              {
                "cloudrun_config": [
                  {
                    "disabled": true
                  }
                ],
                "config_connector_config": [],
                "dns_cache_config": [],
                "gce_persistent_disk_csi_driver_config": [],
                "horizontal_pod_autoscaling": [
                  {
                    "disabled": false
                  }
                ],
                "http_load_balancing": [
                  {
                    "disabled": false
                  }
                ],
                "istio_config": [
                  {
                    "auth": "",
                    "disabled": true
                  }
                ],
                "kalm_config": [],
                "kubernetes_dashboard": [],
                "network_policy_config": [
                  {
                    "disabled": true
                  }
                ]
              }
            ],
            "authenticator_groups_config": [],
            "cluster_autoscaling": [
              {
                "auto_provisioning_defaults": [],
                "autoscaling_profile": "BALANCED",
                "enabled": false,
                "resource_limits": []
              }
            ],
            "cluster_ipv4_cidr": "10.12.0.0/14",
            "cluster_telemetry": [
              {
                "type": "ENABLED"
              }
            ],
            "database_encryption": [
              {
                "key_name": "",
                "state": "DECRYPTED"
              }
            ],
            "default_max_pods_per_node": null,
            "default_snat_status": [
              {
                "disabled": false
              }
            ],
            "description": "GKE cluster for secured NiFi cluster",
            "enable_binary_authorization": false,
            "enable_intranode_visibility": false,
            "enable_kubernetes_alpha": false,
            "enable_legacy_abac": false,
            "enable_shielded_nodes": false,
            "enable_tpu": false,
            "endpoint": "35.241.245.107",
            "id": "projects/poc-rtc/locations/europe-west1-c/clusters/nifi-cluster",
            "initial_node_count": 1,
            "instance_group_urls": [],
            "ip_allocation_policy": [],
            "label_fingerprint": "a9dc16a7",
            "location": "europe-west1-c",
            "logging_service": "logging.googleapis.com/kubernetes",
            "maintenance_policy": [],
            "master_auth": [
              {
                "client_certificate": "",
                "client_certificate_config": [
                  {
                    "issue_client_certificate": false
                  }
                ],
                "client_key": "",
                "cluster_ca_certificate": "LS0tLS1CRUdJTiBDRVJUSUZJQ0FURS0tLS0tCk1JSURERENDQWZTZ0F3SUJBZ0lSQU5UMlVmUTZjWUJxV1psaVV5Wm10Tnd3RFFZSktvWklodmNOQVFFTEJRQXcKTHpFdE1Dc0dBMVVFQXhNa1l6VmhaVGMzT0dFdFl6STRNQzAwT1RjMUxUZzVZakl0T1dRM05UTXpOalUwTVRjMApNQjRYRFRJd01EZ3dOVEE0TVRNME1sb1hEVEkxTURnd05EQTVNVE0wTWxvd0x6RXRNQ3NHQTFVRUF4TWtZelZoClpUYzNPR0V0WXpJNE1DMDBPVGMxTFRnNVlqSXRPV1EzTlRNek5qVTBNVGMwTUlJQklqQU5CZ2txaGtpRzl3MEIKQVFFRkFBT0NBUThBTUlJQkNnS0NBUUVBdzk0b21UWUhVZVhHNFZJZXJIVGliUC9qV2dBcVB6Q3hLaVlYWEN4egpHOGwyeVVXbFo0RE1iTnhvUG1RdU9RYVFvTS9Lekk4NDVycTNBWlBkblJHSEdmRjF6NWsyYTZKQzdXTDBaMmEvCktNbitRVzNEbktjWGtEL2NSUjBqeFNBYWpFRzhBMzJJMFBXOUozQ0dLRVY1aGNXM3laMTYyc29WbTB6Y012R3gKUFVFSEhRNzMyOFcyZFhneXNYQXJFakF2RjRicVU3UDBDRm9PRDZDLzdNWHFoYjZsRjFVNU5aSlJLcHgzMFVFQgpUZUtnVXR1QmpQUnF4ZnNHaHF5OXBveDRpZDhyOXFtNVhDUk44QkdMbkNua1g0a1h3R01CUXZ4YldmUGlWUkwrCkRhcVVvaGw0QTVxSkx0bGJmVDR5WGoxYmtUbnJ1bjh0ZDU0OE5DVUhaR2lBWVFJREFRQUJveU13SVRBT0JnTlYKSFE4QkFmOEVCQU1DQWdRd0R3WURWUjBUQVFIL0JBVXdBd0VCL3pBTkJna3Foa2lHOXcwQkFRc0ZBQU9DQVFFQQpNc0s3cWR5eFA3TGRGRTQ5Vm5IcG0wWDlTeUZ0N3BYb20wT1N6OGs4K3lSK3p2ZGlYb1JDOHRYa29heWVjSWNHClcrTHFxU3A3Z1dKQzNIelRWNE1aT3ZhR3pOdCtGT2I5Sml1Znl1cFhPY3dqcVRPUm5NSksyaTFScmhwQXRDOSsKYjMvTDhkUGVyS0lwUkN1NWJQWG9Ia3VYQ080VTg0elNtUkYzS2Mzd0NlbzdKbk5sMGg3d3RPN0FwRVV5VlhHYgpzT0tXaFk5Q0xqc3A0MWVPWTAwWHdCKzkraHBCODU3ZXM3ZkFSQ0E5YVpQMFZEZ3dMeWcxaVNIVGxWZENvaGpyCldIaTExa1NkSm44cmV4Y3VpbUFob0VkT2pZSlNJSjYyZU5CcWlEcUpTSmxIbXA0ZE8yVTVnNTZtRUExNjh2a2MKRWwxa0FHT3hwVHZ4b1M2RWxaS3FIQT09Ci0tLS0tRU5EIENFUlRJRklDQVRFLS0tLS0K",
                "password": "demodemodemodemo",
                "username": "demo"
              }
            ],
            "master_authorized_networks_config": [],
            "master_version": "1.16.9-gke.6",
            "min_master_version": "1.16.9-gke.6",
            "monitoring_service": "monitoring.googleapis.com/kubernetes",
            "name": "nifi-cluster",
            "network": "projects/poc-rtc/global/networks/default",
            "network_policy": [
              {
                "enabled": false,
                "provider": ""
              }
            ],
            "networking_mode": "ROUTES",
            "node_config": [],
            "node_locations": [],
            "node_pool": [],
            "node_version": "1.16.9-gke.6",
            "operation": null,
            "pod_security_policy_config": [
              {
                "enabled": false
              }
            ],
            "private_cluster_config": [],
            "project": "poc-rtc",
            "region": null,
            "release_channel": [
              {
                "channel": "UNSPECIFIED"
              }
            ],
            "remove_default_node_pool": true,
            "resource_labels": null,
            "resource_usage_export_config": [],
            "services_ipv4_cidr": "10.15.240.0/20",
            "subnetwork": "projects/poc-rtc/regions/europe-west1/subnetworks/default",
            "timeouts": null,
            "tpu_ipv4_cidr_block": "",
            "vertical_pod_autoscaling": [
              {
                "enabled": false
              }
            ],
            "workload_identity_config": [],
            "zone": null
          },
          "private": "eyJlMmJmYjczMC1lY2FhLTExZTYtOGY4OC0zNDM2M2JjN2M0YzAiOnsiY3JlYXRlIjoyNDAwMDAwMDAwMDAwLCJkZWxldGUiOjI0MDAwMDAwMDAwMDAsInJlYWQiOjI0MDAwMDAwMDAwMDAsInVwZGF0ZSI6MzYwMDAwMDAwMDAwMH0sInNjaGVtYV92ZXJzaW9uIjoiMSJ9"
        }
      ]
    },
    {
      "mode": "managed",
      "type": "google_container_node_pool",
      "name": "nodes",
      "provider": "provider.google-beta",
      "instances": [
        {
          "schema_version": 1,
          "attributes": {
            "autoscaling": [
              {
                "max_node_count": 6,
                "min_node_count": 1
              }
            ],
            "cluster": "nifi-cluster",
            "id": "projects/poc-rtc/locations/europe-west1-c/clusters/nifi-cluster/nodePools/tracking-ptf20200805091958527500000001",
            "initial_node_count": 5,
            "instance_group_urls": [
              "https://www.googleapis.com/compute/v1/projects/poc-rtc/zones/europe-west1-c/instanceGroupManagers/gke-nifi-cluster-tracking-ptf20200805-22a9d88c-grp"
            ],
            "location": "europe-west1-c",
            "management": [
              {
                "auto_repair": true,
                "auto_upgrade": true
              }
            ],
            "max_pods_per_node": null,
            "name": "tracking-ptf20200805091958527500000001",
            "name_prefix": "tracking-ptf",
            "node_config": [
              {
                "boot_disk_kms_key": "",
                "disk_size_gb": 100,
                "disk_type": "pd-standard",
                "guest_accelerator": [],
                "image_type": "COS",
                "labels": {},
                "local_ssd_count": 0,
                "machine_type": "n1-standard-2",
                "metadata": {
                  "disable-legacy-endpoints": "true"
                },
                "min_cpu_platform": "",
                "oauth_scopes": [
                  "https://www.googleapis.com/auth/devstorage.read_only",
                  "https://www.googleapis.com/auth/logging.write",
                  "https://www.googleapis.com/auth/monitoring",
                  "https://www.googleapis.com/auth/ndev.clouddns.readwrite",
                  "https://www.googleapis.com/auth/service.management.readonly",
                  "https://www.googleapis.com/auth/servicecontrol",
                  "https://www.googleapis.com/auth/trace.append"
                ],
                "preemptible": true,
                "sandbox_config": [],
                "service_account": "default",
                "shielded_instance_config": [
                  {
                    "enable_integrity_monitoring": true,
                    "enable_secure_boot": false
                  }
                ],
                "tags": [
                  "tracking-ptf"
                ],
                "taint": [],
                "workload_metadata_config": []
              }
            ],
            "node_count": 5,
            "node_locations": [
              "europe-west1-c"
            ],
            "project": "poc-rtc",
            "region": null,
            "timeouts": null,
            "upgrade_settings": [
              {
                "max_surge": 1,
                "max_unavailable": 0
              }
            ],
            "version": "1.16.9-gke.6",
            "zone": null
          },
          "private": "eyJlMmJmYjczMC1lY2FhLTExZTYtOGY4OC0zNDM2M2JjN2M0YzAiOnsiY3JlYXRlIjoxODAwMDAwMDAwMDAwLCJkZWxldGUiOjE4MDAwMDAwMDAwMDAsInVwZGF0ZSI6MTgwMDAwMDAwMDAwMH0sInNjaGVtYV92ZXJzaW9uIjoiMSJ9",
          "dependencies": [
            "google_container_cluster.nifi-cluster"
          ]
        }
      ]
    },
    {
      "mode": "managed",
      "type": "google_dns_managed_zone",
      "name": "external-dns-zone",
      "each": "list",
      "provider": "provider.google",
      "instances": [
        {
          "index_key": 0,
          "schema_version": 0,
          "attributes": {
            "description": "Automatically managed zone by kubernetes.io/external-dns",
            "dns_name": "orange.trycatchlearn.fr.",
            "dnssec_config": [],
            "forwarding_config": [],
            "id": "projects/poc-rtc/managedZones/orange-trycatchlearn-fr",
            "labels": null,
            "name": "orange-trycatchlearn-fr",
            "name_servers": [
              "ns-cloud-c1.googledomains.com.",
              "ns-cloud-c2.googledomains.com.",
              "ns-cloud-c3.googledomains.com.",
              "ns-cloud-c4.googledomains.com."
            ],
            "peering_config": [],
            "private_visibility_config": [],
            "project": "poc-rtc",
            "timeouts": null,
            "visibility": "public"
          },
          "private": "eyJlMmJmYjczMC1lY2FhLTExZTYtOGY4OC0zNDM2M2JjN2M0YzAiOnsiY3JlYXRlIjoyNDAwMDAwMDAwMDAsImRlbGV0ZSI6MjQwMDAwMDAwMDAwLCJ1cGRhdGUiOjI0MDAwMDAwMDAwMH19"
        }
      ]
    },
    {
      "mode": "managed",
      "type": "google_dns_record_set",
      "name": "external-dns-record-set",
      "each": "list",
      "provider": "provider.google",
      "instances": [
        {
          "index_key": 0,
          "schema_version": 0,
          "attributes": {
            "id": "tracking-pdb/orange.trycatchlearn.fr./NS",
            "managed_zone": "tracking-pdb",
            "name": "orange.trycatchlearn.fr.",
            "project": "poc-rtc",
            "rrdatas": [
              "ns-cloud-c1.googledomains.com.",
              "ns-cloud-c2.googledomains.com.",
              "ns-cloud-c3.googledomains.com.",
              "ns-cloud-c4.googledomains.com."
            ],
            "ttl": 300,
            "type": "NS"
          },
          "private": "bnVsbA==",
          "dependencies": [
            "google_dns_managed_zone.external-dns-zone"
          ]
        }
      ]
    },
    {
      "mode": "managed",
      "type": "helm_release",
      "name": "cert-manager",
      "provider": "provider.helm",
      "instances": [
        {
          "schema_version": 0,
          "attributes": {
            "atomic": false,
            "chart": "cert-manager",
            "cleanup_on_fail": false,
            "create_namespace": false,
            "dependency_update": false,
            "description": null,
            "devel": null,
            "disable_crd_hooks": false,
            "disable_openapi_validation": false,
            "disable_webhooks": false,
            "force_update": false,
            "id": "cert-manager",
            "keyring": null,
            "lint": false,
            "max_history": 0,
            "metadata": [
              {
                "chart": "cert-manager",
                "name": "cert-manager",
                "namespace": "cert-manager",
                "revision": 1,
                "values": "{}",
                "version": "v0.15.1"
              }
            ],
            "name": "cert-manager",
            "namespace": "cert-manager",
            "postrender": [],
            "recreate_pods": false,
            "render_subchart_notes": true,
            "replace": false,
            "repository": "https://charts.jetstack.io",
            "repository_ca_file": null,
            "repository_cert_file": null,
            "repository_key_file": null,
            "repository_password": null,
            "repository_username": null,
            "reset_values": false,
            "reuse_values": false,
            "set": [],
            "set_sensitive": [],
            "set_string": [],
            "skip_crds": false,
            "status": "deployed",
            "timeout": 300,
            "values": null,
            "verify": false,
            "version": "v0.15.1",
            "wait": true
          },
          "private": "bnVsbA==",
          "dependencies": [
            "google_container_cluster.nifi-cluster",
            "google_container_node_pool.nodes",
            "kubernetes_namespace.cert-manager",
            "null_resource.deploy-certmanager-crds"
          ]
        }
      ]
    },
    {
      "mode": "managed",
      "type": "helm_release",
      "name": "zookeeper",
      "provider": "provider.helm",
      "instances": []
    },
    {
      "mode": "managed",
      "type": "kubernetes_cluster_role",
      "name": "external-dns",
      "provider": "provider.kubernetes",
      "instances": [
        {
          "schema_version": 0,
          "attributes": {
            "id": "external-dns",
            "metadata": [
              {
                "annotations": null,
                "generation": 0,
                "labels": null,
                "name": "external-dns",
                "resource_version": "2101",
                "self_link": "/apis/rbac.authorization.k8s.io/v1/clusterroles/external-dns",
                "uid": "0bb29acc-aef5-4415-986d-3298b4c3674f"
              }
            ],
            "rule": [
              {
                "api_groups": [
                  ""
                ],
                "non_resource_urls": null,
                "resource_names": null,
                "resources": [
                  "services"
                ],
                "verbs": [
                  "get",
                  "watch",
                  "list"
                ]
              },
              {
                "api_groups": [
                  ""
                ],
                "non_resource_urls": null,
                "resource_names": null,
                "resources": [
                  "pods"
                ],
                "verbs": [
                  "get",
                  "watch",
                  "list"
                ]
              },
              {
                "api_groups": [
                  ""
                ],
                "non_resource_urls": null,
                "resource_names": null,
                "resources": [
                  "nodes"
                ],
                "verbs": [
                  "get",
                  "watch",
                  "list"
                ]
              },
              {
                "api_groups": [
                  "extensions"
                ],
                "non_resource_urls": null,
                "resource_names": null,
                "resources": [
                  "ingresses"
                ],
                "verbs": [
                  "get",
                  "watch",
                  "list"
                ]
              }
            ]
          },
          "private": "bnVsbA==",
          "dependencies": [
            "google_container_cluster.nifi-cluster",
            "google_container_node_pool.nodes"
          ]
        }
      ]
    },
    {
      "mode": "managed",
      "type": "kubernetes_cluster_role_binding",
      "name": "external-dns-viewer",
      "provider": "provider.kubernetes",
      "instances": [
        {
          "schema_version": 0,
          "attributes": {
            "id": "external-dns-viewer",
            "metadata": [
              {
                "annotations": null,
                "generation": 0,
                "labels": null,
                "name": "external-dns-viewer",
                "resource_version": "2246",
                "self_link": "/apis/rbac.authorization.k8s.io/v1/clusterrolebindings/external-dns-viewer",
                "uid": "6a121bb0-e99c-41e6-b7f5-3322612e78cd"
              }
            ],
            "role_ref": [
              {
                "api_group": "rbac.authorization.k8s.io",
                "kind": "ClusterRole",
                "name": "external-dns"
              }
            ],
            "subject": [
              {
                "api_group": "",
                "kind": "ServiceAccount",
                "name": "external-dns",
                "namespace": "nifikop"
              }
            ]
          },
          "private": "bnVsbA==",
          "dependencies": [
            "google_container_cluster.nifi-cluster",
            "google_container_node_pool.nodes",
            "kubernetes_cluster_role.external-dns",
            "kubernetes_namespace.nifi",
            "kubernetes_service_account.external-dns"
          ]
        }
      ]
    },
    {
      "mode": "managed",
      "type": "kubernetes_deployment",
      "name": "external-dns",
      "provider": "provider.kubernetes",
      "instances": [
        {
          "schema_version": 0,
          "attributes": {
            "id": "nifikop/external-dns",
            "metadata": [
              {
                "annotations": null,
                "generate_name": "",
                "generation": 1,
                "labels": {
                  "app": "external-dns"
                },
                "name": "external-dns",
                "namespace": "nifikop",
                "resource_version": "2423",
                "self_link": "/apis/apps/v1/namespaces/nifikop/deployments/external-dns",
                "uid": "89a2268b-e5c0-4ce2-b2d9-ddaba0e4f01b"
              }
            ],
            "spec": [
              {
                "min_ready_seconds": 0,
                "paused": false,
                "progress_deadline_seconds": 600,
                "replicas": 1,
                "revision_history_limit": 10,
                "selector": [
                  {
                    "match_expressions": [],
                    "match_labels": {
                      "app": "external-dns"
                    }
                  }
                ],
                "strategy": [
                  {
                    "rolling_update": [],
                    "type": "Recreate"
                  }
                ],
                "template": [
                  {
                    "metadata": [
                      {
                        "annotations": null,
                        "generate_name": "",
                        "generation": 0,
                        "labels": {
                          "app": "external-dns"
                        },
                        "name": "",
                        "namespace": "",
                        "resource_version": "",
                        "self_link": "",
                        "uid": ""
                      }
                    ],
                    "spec": [
                      {
                        "active_deadline_seconds": 0,
                        "affinity": [],
                        "automount_service_account_token": true,
                        "container": [
                          {
                            "args": [
                              "--source=service",
                              "--source=ingress",
                              "--domain-filter=orange.trycatchlearn.fr",
                              "--provider=google",
                              "--policy=upsert-only",
                              "--registry=txt",
                              "--namespace=nifikop",
                              "--fqdn-template={{.Name}}.orange.trycatchlearn.fr",
                              "--txt-owner-id=gke-poc-rtc-europe-west1-c_nifi-cluster-nifikop"
                            ],
                            "command": [],
                            "env": [],
                            "env_from": [],
                            "image": "bitnami/external-dns:0.5.14",
                            "image_pull_policy": "IfNotPresent",
                            "lifecycle": [],
                            "liveness_probe": [],
                            "name": "external-dns",
                            "port": [],
                            "readiness_probe": [],
                            "resources": [
                              {
                                "limits": null,
                                "requests": null
                              }
                            ],
                            "security_context": [],
                            "startup_probe": [],
                            "stdin": false,
                            "stdin_once": false,
                            "termination_message_path": "/dev/termination-log",
                            "tty": false,
                            "volume_mount": [],
                            "working_dir": ""
                          }
                        ],
                        "dns_config": [],
                        "dns_policy": "ClusterFirst",
                        "host_aliases": [],
                        "host_ipc": false,
                        "host_network": false,
                        "host_pid": false,
                        "hostname": "",
                        "image_pull_secrets": [],
                        "init_container": [],
                        "node_name": "",
                        "node_selector": null,
                        "priority_class_name": "",
                        "restart_policy": "Always",
                        "security_context": [],
                        "service_account_name": "external-dns",
                        "share_process_namespace": false,
                        "subdomain": "",
                        "termination_grace_period_seconds": 30,
                        "toleration": [],
                        "volume": []
                      }
                    ]
                  }
                ]
              }
            ],
            "timeouts": null,
            "wait_for_rollout": true
          },
          "private": "eyJlMmJmYjczMC1lY2FhLTExZTYtOGY4OC0zNDM2M2JjN2M0YzAiOnsiY3JlYXRlIjo2MDAwMDAwMDAwMDAsImRlbGV0ZSI6NjAwMDAwMDAwMDAwLCJ1cGRhdGUiOjYwMDAwMDAwMDAwMH19",
          "dependencies": [
            "google_container_cluster.nifi-cluster",
            "google_container_node_pool.nodes",
            "kubernetes_namespace.nifi",
            "kubernetes_service_account.external-dns"
          ]
        }
      ]
    },
    {
      "mode": "managed",
      "type": "kubernetes_namespace",
      "name": "cert-manager",
      "provider": "provider.kubernetes",
      "instances": [
        {
          "schema_version": 0,
          "attributes": {
            "id": "cert-manager",
            "metadata": [
              {
                "annotations": {
                  "name": "cert-manager"
                },
                "generate_name": "",
                "generation": 0,
                "labels": null,
                "name": "cert-manager",
                "resource_version": "2098",
                "self_link": "/api/v1/namespaces/cert-manager",
                "uid": "61d835fd-08da-44d5-a6eb-35b452281a42"
              }
            ],
            "timeouts": null
          },
          "private": "eyJlMmJmYjczMC1lY2FhLTExZTYtOGY4OC0zNDM2M2JjN2M0YzAiOnsiZGVsZXRlIjozMDAwMDAwMDAwMDB9fQ==",
          "dependencies": [
            "google_container_cluster.nifi-cluster",
            "google_container_node_pool.nodes"
          ]
        }
      ]
    },
    {
      "mode": "managed",
      "type": "kubernetes_namespace",
      "name": "nifi",
      "provider": "provider.kubernetes",
      "instances": [
        {
          "schema_version": 0,
          "attributes": {
            "id": "nifikop",
            "metadata": [
              {
                "annotations": {
                  "name": "nifikop"
                },
                "generate_name": "",
                "generation": 0,
                "labels": null,
                "name": "nifikop",
                "resource_version": "2097",
                "self_link": "/api/v1/namespaces/nifikop",
                "uid": "7752bba7-1b1a-4171-b00b-de79c1ea39ff"
              }
            ],
            "timeouts": null
          },
          "private": "eyJlMmJmYjczMC1lY2FhLTExZTYtOGY4OC0zNDM2M2JjN2M0YzAiOnsiZGVsZXRlIjozMDAwMDAwMDAwMDB9fQ==",
          "dependencies": [
            "google_container_cluster.nifi-cluster",
            "google_container_node_pool.nodes"
          ]
        }
      ]
    },
    {
      "mode": "managed",
      "type": "kubernetes_namespace",
      "name": "zookeeper",
      "provider": "provider.kubernetes",
      "instances": [
        {
          "schema_version": 0,
          "attributes": {
            "id": "zookeeper",
            "metadata": [
              {
                "annotations": {
                  "name": "zookeeper"
                },
                "generate_name": "",
                "generation": 0,
                "labels": null,
                "name": "zookeeper",
                "resource_version": "2099",
                "self_link": "/api/v1/namespaces/zookeeper",
                "uid": "7e4f12d1-76b2-43d2-aa8d-44089a4af5f2"
              }
            ],
            "timeouts": null
          },
          "private": "eyJlMmJmYjczMC1lY2FhLTExZTYtOGY4OC0zNDM2M2JjN2M0YzAiOnsiZGVsZXRlIjozMDAwMDAwMDAwMDB9fQ==",
          "dependencies": [
            "google_container_cluster.nifi-cluster",
            "google_container_node_pool.nodes"
          ]
        }
      ]
    },
    {
      "mode": "managed",
      "type": "kubernetes_service_account",
      "name": "external-dns",
      "provider": "provider.kubernetes",
      "instances": [
        {
          "schema_version": 0,
          "attributes": {
            "automount_service_account_token": true,
            "default_secret_name": "external-dns-token-44j7l",
            "id": "nifikop/external-dns",
            "image_pull_secret": [],
            "metadata": [
              {
                "annotations": null,
                "generate_name": "",
                "generation": 0,
                "labels": null,
                "name": "external-dns",
                "namespace": "nifikop",
                "resource_version": "2176",
                "self_link": "/api/v1/namespaces/nifikop/serviceaccounts/external-dns",
                "uid": "6906fbcc-e279-4255-bc13-d40382b862eb"
              }
            ],
            "secret": [],
            "timeouts": null
          },
          "private": "eyJlMmJmYjczMC1lY2FhLTExZTYtOGY4OC0zNDM2M2JjN2M0YzAiOnsiY3JlYXRlIjozMDAwMDAwMDAwMH19",
          "dependencies": [
            "google_container_cluster.nifi-cluster",
            "google_container_node_pool.nodes",
            "kubernetes_namespace.nifi"
          ]
        }
      ]
    },
    {
      "mode": "managed",
      "type": "kubernetes_storage_class",
      "name": "nifi-ssd",
      "provider": "provider.kubernetes",
      "instances": [
        {
          "schema_version": 0,
          "attributes": {
            "allow_volume_expansion": true,
            "id": "ssd-wait",
            "metadata": [
              {
                "annotations": null,
                "generate_name": "",
                "generation": 0,
                "labels": null,
                "name": "ssd-wait",
                "resource_version": "2100",
                "self_link": "/apis/storage.k8s.io/v1/storageclasses/ssd-wait",
                "uid": "0981475a-4ebb-468c-bd6f-e81988996225"
              }
            ],
            "mount_options": null,
            "parameters": {
              "type": "pd-ssd"
            },
            "reclaim_policy": "Delete",
            "storage_provisioner": "kubernetes.io/gce-pd",
            "volume_binding_mode": "WaitForFirstConsumer"
          },
          "private": "bnVsbA==",
          "dependencies": [
            "google_container_cluster.nifi-cluster",
            "google_container_node_pool.nodes"
          ]
        }
      ]
    },
    {
      "mode": "managed",
      "type": "null_resource",
      "name": "deploy-certmanager-crds",
      "provider": "provider.null",
      "instances": [
        {
          "schema_version": 0,
          "attributes": {
            "id": "447332865997671706",
            "triggers": null
          },
          "private": "bnVsbA==",
          "dependencies": [
            "google_container_cluster.nifi-cluster",
            "google_container_node_pool.nodes",
            "kubernetes_namespace.cert-manager"
          ]
        }
      ]
    },
    {
      "mode": "managed",
      "type": "null_resource",
      "name": "get-credentials",
      "provider": "provider.null",
      "instances": [
        {
          "schema_version": 0,
          "attributes": {
            "id": "6043833148150474990",
            "triggers": null
          },
          "private": "bnVsbA==",
          "dependencies": [
            "google_container_cluster.nifi-cluster",
            "google_container_node_pool.nodes"
          ]
        }
      ]
    }
  ]
}
